// !$*UTF8*$!
{
	archiveVersion = 1;
	classes = {
	};
	objectVersion = 56;
	objects = {

/* Begin PBXBuildFile section */
		670487BD28D209AE0052D49E /* AppDelegate.swift in Sources */ = {isa = PBXBuildFile; fileRef = 670487BC28D209AE0052D49E /* AppDelegate.swift */; };
		670487BF28D209AE0052D49E /* SceneDelegate.swift in Sources */ = {isa = PBXBuildFile; fileRef = 670487BE28D209AE0052D49E /* SceneDelegate.swift */; };
		670487C128D209AE0052D49E /* TabBarVC.swift in Sources */ = {isa = PBXBuildFile; fileRef = 670487C028D209AE0052D49E /* TabBarVC.swift */; };
		670487C628D209AF0052D49E /* Assets.xcassets in Resources */ = {isa = PBXBuildFile; fileRef = 670487C528D209AF0052D49E /* Assets.xcassets */; };
		670487C928D209AF0052D49E /* LaunchScreen.storyboard in Resources */ = {isa = PBXBuildFile; fileRef = 670487C728D209AF0052D49E /* LaunchScreen.storyboard */; };
		670632E72903FAFB00A4C6CA /* EtcViewModel.swift in Sources */ = {isa = PBXBuildFile; fileRef = 670632E62903FAFB00A4C6CA /* EtcViewModel.swift */; };
		67297CBE292A2A0C00A41985 /* MoyaLoggingPlugin.swift in Sources */ = {isa = PBXBuildFile; fileRef = 67297CBD292A2A0C00A41985 /* MoyaLoggingPlugin.swift */; };
		67420FCD28D213A500C393B6 /* SnapKit in Frameworks */ = {isa = PBXBuildFile; productRef = 67420FCC28D213A500C393B6 /* SnapKit */; };
		67420FD028D213D200C393B6 /* Then in Frameworks */ = {isa = PBXBuildFile; productRef = 67420FCF28D213D200C393B6 /* Then */; };
		67420FD328D2146A00C393B6 /* Moya in Frameworks */ = {isa = PBXBuildFile; productRef = 67420FD228D2146A00C393B6 /* Moya */; };
		674EAC9928D4804C004D8465 /* MainVC.swift in Sources */ = {isa = PBXBuildFile; fileRef = 674EAC9828D4804C004D8465 /* MainVC.swift */; };
		674EAC9B28D480B5004D8465 /* ListVC.swift in Sources */ = {isa = PBXBuildFile; fileRef = 674EAC9A28D480B5004D8465 /* ListVC.swift */; };
		674EAC9D28D480DA004D8465 /* SearchVC.swift in Sources */ = {isa = PBXBuildFile; fileRef = 674EAC9C28D480DA004D8465 /* SearchVC.swift */; };
		674EAC9F28D480F6004D8465 /* MenuVC.swift in Sources */ = {isa = PBXBuildFile; fileRef = 674EAC9E28D480F6004D8465 /* MenuVC.swift */; };
		6751269C29027B5700261437 /* BaseVM.swift in Sources */ = {isa = PBXBuildFile; fileRef = 6751269B29027B5700261437 /* BaseVM.swift */; };
		675126A029027D7400261437 /* LoginViewModel.swift in Sources */ = {isa = PBXBuildFile; fileRef = 6751269F29027D7400261437 /* LoginViewModel.swift */; };
		675126A22902847300261437 /* UIButton+setBackgroundColor.swift in Sources */ = {isa = PBXBuildFile; fileRef = 675126A12902847300261437 /* UIButton+setBackgroundColor.swift */; };
		677F4650292DC6AA00349196 /* NoticeVC.swift in Sources */ = {isa = PBXBuildFile; fileRef = 677F464F292DC6AA00349196 /* NoticeVC.swift */; };
		677F4652292DCE9C00349196 /* BaseNC.swift in Sources */ = {isa = PBXBuildFile; fileRef = 677F4651292DCE9C00349196 /* BaseNC.swift */; };
		6785B0EF2903D0BE0089E719 /* Service.swift in Sources */ = {isa = PBXBuildFile; fileRef = 6785B0EE2903D0BE0089E719 /* Service.swift */; };
		6785B0F12903D4B40089E719 /* ServiceType.swift in Sources */ = {isa = PBXBuildFile; fileRef = 6785B0F02903D4B40089E719 /* ServiceType.swift */; };
		6785B0F32903DB310089E719 /* RxMoya in Frameworks */ = {isa = PBXBuildFile; productRef = 6785B0F22903DB310089E719 /* RxMoya */; };
		6785B0FA2903E3510089E719 /* BaseVC.swift in Sources */ = {isa = PBXBuildFile; fileRef = 6785B0F92903E3510089E719 /* BaseVC.swift */; };
		679A76FC28DD7AF200132D68 /* RxCocoa in Frameworks */ = {isa = PBXBuildFile; productRef = 679A76FB28DD7AF200132D68 /* RxCocoa */; };
		679A76FE28DD7AF200132D68 /* RxSwift in Frameworks */ = {isa = PBXBuildFile; productRef = 679A76FD28DD7AF200132D68 /* RxSwift */; };
		67A2179F292C5850004EB82E /* EmailViewModel.swift in Sources */ = {isa = PBXBuildFile; fileRef = 67A2179E292C5850004EB82E /* EmailViewModel.swift */; };
		67A217A1292C5A0C004EB82E /* EmailCodeViewModel.swift in Sources */ = {isa = PBXBuildFile; fileRef = 67A217A0292C5A0C004EB82E /* EmailCodeViewModel.swift */; };
		67BA516B28DF387300A94B24 /* TokenModel.swift in Sources */ = {isa = PBXBuildFile; fileRef = 67BA516A28DF387300A94B24 /* TokenModel.swift */; };
		67C12FBA28D838A600C10820 /* ClubCollectionViewCell.swift in Sources */ = {isa = PBXBuildFile; fileRef = 67C12FB928D838A600C10820 /* ClubCollectionViewCell.swift */; };
		67C12FBC28D8392E00C10820 /* StudentCollectionViewCell.swift in Sources */ = {isa = PBXBuildFile; fileRef = 67C12FBB28D8392E00C10820 /* StudentCollectionViewCell.swift */; };
		67C5EFDA292914D00047CF18 /* EmailCodeVC.swift in Sources */ = {isa = PBXBuildFile; fileRef = 67C5EFD9292914D00047CF18 /* EmailCodeVC.swift */; };
		67C5EFDC292914E50047CF18 /* PasswordVC.swift in Sources */ = {isa = PBXBuildFile; fileRef = 67C5EFDB292914E50047CF18 /* PasswordVC.swift */; };
		67C5EFDE292915050047CF18 /* EtcVC.swift in Sources */ = {isa = PBXBuildFile; fileRef = 67C5EFDD292915050047CF18 /* EtcVC.swift */; };
		67CE0C2C28DAA47E00A4C7C4 /* Client.swift in Sources */ = {isa = PBXBuildFile; fileRef = 67CE0C2B28DAA47E00A4C7C4 /* Client.swift */; };
		67CE0C2E28DAA49B00A4C7C4 /* Header.swift in Sources */ = {isa = PBXBuildFile; fileRef = 67CE0C2D28DAA49B00A4C7C4 /* Header.swift */; };
		67CE0C3328DAA56500A4C7C4 /* LoginVC.swift in Sources */ = {isa = PBXBuildFile; fileRef = 67CE0C3228DAA56500A4C7C4 /* LoginVC.swift */; };
		67CE0C3528DAA57900A4C7C4 /* EmailVC.swift in Sources */ = {isa = PBXBuildFile; fileRef = 67CE0C3428DAA57900A4C7C4 /* EmailVC.swift */; };
		67CE0C3728DAADB600A4C7C4 /* UITextFiled+padding.swift in Sources */ = {isa = PBXBuildFile; fileRef = 67CE0C3628DAADB600A4C7C4 /* UITextFiled+padding.swift */; };
/* End PBXBuildFile section */

/* Begin PBXFileReference section */
		670487B928D209AE0052D49E /* DAS.app */ = {isa = PBXFileReference; explicitFileType = wrapper.application; includeInIndex = 0; path = DAS.app; sourceTree = BUILT_PRODUCTS_DIR; };
		670487BC28D209AE0052D49E /* AppDelegate.swift */ = {isa = PBXFileReference; lastKnownFileType = sourcecode.swift; path = AppDelegate.swift; sourceTree = "<group>"; };
		670487BE28D209AE0052D49E /* SceneDelegate.swift */ = {isa = PBXFileReference; lastKnownFileType = sourcecode.swift; path = SceneDelegate.swift; sourceTree = "<group>"; };
		670487C028D209AE0052D49E /* TabBarVC.swift */ = {isa = PBXFileReference; lastKnownFileType = sourcecode.swift; path = TabBarVC.swift; sourceTree = "<group>"; };
		670487C528D209AF0052D49E /* Assets.xcassets */ = {isa = PBXFileReference; lastKnownFileType = folder.assetcatalog; path = Assets.xcassets; sourceTree = "<group>"; };
		670487C828D209AF0052D49E /* Base */ = {isa = PBXFileReference; lastKnownFileType = file.storyboard; name = Base; path = Base.lproj/LaunchScreen.storyboard; sourceTree = "<group>"; };
		670632E62903FAFB00A4C6CA /* EtcViewModel.swift */ = {isa = PBXFileReference; lastKnownFileType = sourcecode.swift; path = EtcViewModel.swift; sourceTree = "<group>"; };
		67297CBD292A2A0C00A41985 /* MoyaLoggingPlugin.swift */ = {isa = PBXFileReference; lastKnownFileType = sourcecode.swift; path = MoyaLoggingPlugin.swift; sourceTree = "<group>"; };
		674EAC9828D4804C004D8465 /* MainVC.swift */ = {isa = PBXFileReference; lastKnownFileType = sourcecode.swift; path = MainVC.swift; sourceTree = "<group>"; };
		674EAC9A28D480B5004D8465 /* ListVC.swift */ = {isa = PBXFileReference; lastKnownFileType = sourcecode.swift; path = ListVC.swift; sourceTree = "<group>"; };
		674EAC9C28D480DA004D8465 /* SearchVC.swift */ = {isa = PBXFileReference; lastKnownFileType = sourcecode.swift; path = SearchVC.swift; sourceTree = "<group>"; };
		674EAC9E28D480F6004D8465 /* MenuVC.swift */ = {isa = PBXFileReference; lastKnownFileType = sourcecode.swift; path = MenuVC.swift; sourceTree = "<group>"; };
		6751269B29027B5700261437 /* BaseVM.swift */ = {isa = PBXFileReference; lastKnownFileType = sourcecode.swift; path = BaseVM.swift; sourceTree = "<group>"; };
		6751269F29027D7400261437 /* LoginViewModel.swift */ = {isa = PBXFileReference; lastKnownFileType = sourcecode.swift; path = LoginViewModel.swift; sourceTree = "<group>"; };
		675126A12902847300261437 /* UIButton+setBackgroundColor.swift */ = {isa = PBXFileReference; lastKnownFileType = sourcecode.swift; path = "UIButton+setBackgroundColor.swift"; sourceTree = "<group>"; };
		677F464F292DC6AA00349196 /* NoticeVC.swift */ = {isa = PBXFileReference; lastKnownFileType = sourcecode.swift; path = NoticeVC.swift; sourceTree = "<group>"; };
		677F4651292DCE9C00349196 /* BaseNC.swift */ = {isa = PBXFileReference; lastKnownFileType = sourcecode.swift; path = BaseNC.swift; sourceTree = "<group>"; };
		6785B0EE2903D0BE0089E719 /* Service.swift */ = {isa = PBXFileReference; lastKnownFileType = sourcecode.swift; path = Service.swift; sourceTree = "<group>"; };
		6785B0F02903D4B40089E719 /* ServiceType.swift */ = {isa = PBXFileReference; lastKnownFileType = sourcecode.swift; path = ServiceType.swift; sourceTree = "<group>"; };
		6785B0F92903E3510089E719 /* BaseVC.swift */ = {isa = PBXFileReference; lastKnownFileType = sourcecode.swift; path = BaseVC.swift; sourceTree = "<group>"; };
		6785B1052903E8D70089E719 /* Info.plist */ = {isa = PBXFileReference; lastKnownFileType = text.plist.xml; path = Info.plist; sourceTree = "<group>"; };
		67A2179E292C5850004EB82E /* EmailViewModel.swift */ = {isa = PBXFileReference; lastKnownFileType = sourcecode.swift; path = EmailViewModel.swift; sourceTree = "<group>"; };
		67A217A0292C5A0C004EB82E /* EmailCodeViewModel.swift */ = {isa = PBXFileReference; lastKnownFileType = sourcecode.swift; path = EmailCodeViewModel.swift; sourceTree = "<group>"; };
		67BA516A28DF387300A94B24 /* TokenModel.swift */ = {isa = PBXFileReference; lastKnownFileType = sourcecode.swift; path = TokenModel.swift; sourceTree = "<group>"; };
		67C12FB928D838A600C10820 /* ClubCollectionViewCell.swift */ = {isa = PBXFileReference; lastKnownFileType = sourcecode.swift; path = ClubCollectionViewCell.swift; sourceTree = "<group>"; };
		67C12FBB28D8392E00C10820 /* StudentCollectionViewCell.swift */ = {isa = PBXFileReference; lastKnownFileType = sourcecode.swift; path = StudentCollectionViewCell.swift; sourceTree = "<group>"; };
		67C5EFD9292914D00047CF18 /* EmailCodeVC.swift */ = {isa = PBXFileReference; lastKnownFileType = sourcecode.swift; path = EmailCodeVC.swift; sourceTree = "<group>"; };
		67C5EFDB292914E50047CF18 /* PasswordVC.swift */ = {isa = PBXFileReference; lastKnownFileType = sourcecode.swift; path = PasswordVC.swift; sourceTree = "<group>"; };
		67C5EFDD292915050047CF18 /* EtcVC.swift */ = {isa = PBXFileReference; lastKnownFileType = sourcecode.swift; path = EtcVC.swift; sourceTree = "<group>"; };
		67CE0C2B28DAA47E00A4C7C4 /* Client.swift */ = {isa = PBXFileReference; lastKnownFileType = sourcecode.swift; path = Client.swift; sourceTree = "<group>"; };
		67CE0C2D28DAA49B00A4C7C4 /* Header.swift */ = {isa = PBXFileReference; lastKnownFileType = sourcecode.swift; path = Header.swift; sourceTree = "<group>"; };
		67CE0C3228DAA56500A4C7C4 /* LoginVC.swift */ = {isa = PBXFileReference; lastKnownFileType = sourcecode.swift; path = LoginVC.swift; sourceTree = "<group>"; };
		67CE0C3428DAA57900A4C7C4 /* EmailVC.swift */ = {isa = PBXFileReference; lastKnownFileType = sourcecode.swift; path = EmailVC.swift; sourceTree = "<group>"; };
		67CE0C3628DAADB600A4C7C4 /* UITextFiled+padding.swift */ = {isa = PBXFileReference; lastKnownFileType = sourcecode.swift; path = "UITextFiled+padding.swift"; sourceTree = "<group>"; };
/* End PBXFileReference section */

/* Begin PBXFrameworksBuildPhase section */
		670487B628D209AE0052D49E /* Frameworks */ = {
			isa = PBXFrameworksBuildPhase;
			buildActionMask = 2147483647;
			files = (
				6785B0F32903DB310089E719 /* RxMoya in Frameworks */,
				67420FCD28D213A500C393B6 /* SnapKit in Frameworks */,
				67420FD028D213D200C393B6 /* Then in Frameworks */,
				679A76FE28DD7AF200132D68 /* RxSwift in Frameworks */,
				679A76FC28DD7AF200132D68 /* RxCocoa in Frameworks */,
				67420FD328D2146A00C393B6 /* Moya in Frameworks */,
			);
			runOnlyForDeploymentPostprocessing = 0;
		};
/* End PBXFrameworksBuildPhase section */

/* Begin PBXGroup section */
		670487B028D209AE0052D49E = {
			isa = PBXGroup;
			children = (
				670487BB28D209AE0052D49E /* DAS */,
				67420FD128D2146A00C393B6 /* Frameworks */,
				670487BA28D209AE0052D49E /* Products */,
			);
			sourceTree = "<group>";
		};
		670487BA28D209AE0052D49E /* Products */ = {
			isa = PBXGroup;
			children = (
				670487B928D209AE0052D49E /* DAS.app */,
			);
			name = Products;
			sourceTree = "<group>";
		};
		670487BB28D209AE0052D49E /* DAS */ = {
			isa = PBXGroup;
			children = (
				6785B0F42903DD040089E719 /* Resources */,
				6785B0F62903DDB40089E719 /* Sources */,
				6785B0F52903DD4F0089E719 /* Support */,
			);
			path = DAS;
			sourceTree = "<group>";
		};
		67297CBC292A29E400A41985 /* MoyaPlugIn */ = {
			isa = PBXGroup;
			children = (
				67297CBD292A2A0C00A41985 /* MoyaLoggingPlugin.swift */,
			);
			path = MoyaPlugIn;
			sourceTree = "<group>";
		};
		67420FD128D2146A00C393B6 /* Frameworks */ = {
			isa = PBXGroup;
			children = (
			);
			name = Frameworks;
			sourceTree = "<group>";
		};
		6751269D29027B6500261437 /* Extension */ = {
			isa = PBXGroup;
			children = (
				67CE0C3628DAADB600A4C7C4 /* UITextFiled+padding.swift */,
				675126A12902847300261437 /* UIButton+setBackgroundColor.swift */,
			);
			path = Extension;
			sourceTree = "<group>";
		};
		6751269E29027B7600261437 /* Application */ = {
			isa = PBXGroup;
			children = (
				670487BC28D209AE0052D49E /* AppDelegate.swift */,
				670487BE28D209AE0052D49E /* SceneDelegate.swift */,
			);
			path = Application;
			sourceTree = "<group>";
		};
		677F4646292DC39C00349196 /* Login */ = {
			isa = PBXGroup;
			children = (
				6751269F29027D7400261437 /* LoginViewModel.swift */,
				67CE0C3228DAA56500A4C7C4 /* LoginVC.swift */,
			);
			path = Login;
			sourceTree = "<group>";
		};
		677F4647292DC3A900349196 /* Email */ = {
			isa = PBXGroup;
			children = (
				67A2179E292C5850004EB82E /* EmailViewModel.swift */,
				67CE0C3428DAA57900A4C7C4 /* EmailVC.swift */,
			);
			path = Email;
			sourceTree = "<group>";
		};
		677F4648292DC3BE00349196 /* EmailCode */ = {
			isa = PBXGroup;
			children = (
				67A217A0292C5A0C004EB82E /* EmailCodeViewModel.swift */,
				67C5EFD9292914D00047CF18 /* EmailCodeVC.swift */,
			);
			path = EmailCode;
			sourceTree = "<group>";
		};
		677F4649292DC3C900349196 /* Password */ = {
			isa = PBXGroup;
			children = (
				67C5EFDB292914E50047CF18 /* PasswordVC.swift */,
			);
			path = Password;
			sourceTree = "<group>";
		};
		677F464A292DC3D400349196 /* Etc */ = {
			isa = PBXGroup;
			children = (
				670632E62903FAFB00A4C6CA /* EtcViewModel.swift */,
				67C5EFDD292915050047CF18 /* EtcVC.swift */,
			);
			path = Etc;
			sourceTree = "<group>";
		};
		677F464B292DC4F500349196 /* Main */ = {
			isa = PBXGroup;
			children = (
				674EAC9828D4804C004D8465 /* MainVC.swift */,
			);
			path = Main;
			sourceTree = "<group>";
		};
		677F464C292DC64C00349196 /* List */ = {
			isa = PBXGroup;
			children = (
				674EAC9A28D480B5004D8465 /* ListVC.swift */,
			);
			path = List;
			sourceTree = "<group>";
		};
		677F464D292DC65F00349196 /* Search */ = {
			isa = PBXGroup;
			children = (
				674EAC9C28D480DA004D8465 /* SearchVC.swift */,
			);
			path = Search;
			sourceTree = "<group>";
		};
		677F464E292DC66D00349196 /* Menu */ = {
			isa = PBXGroup;
			children = (
				674EAC9E28D480F6004D8465 /* MenuVC.swift */,
			);
			path = Menu;
			sourceTree = "<group>";
		};
		6785B0F42903DD040089E719 /* Resources */ = {
			isa = PBXGroup;
			children = (
				670487C528D209AF0052D49E /* Assets.xcassets */,
				670487C728D209AF0052D49E /* LaunchScreen.storyboard */,
			);
			path = Resources;
			sourceTree = "<group>";
		};
		6785B0F52903DD4F0089E719 /* Support */ = {
			isa = PBXGroup;
			children = (
				6785B1052903E8D70089E719 /* Info.plist */,
			);
			path = Support;
			sourceTree = "<group>";
		};
		6785B0F62903DDB40089E719 /* Sources */ = {
			isa = PBXGroup;
			children = (
				6751269E29027B7600261437 /* Application */,
				6785B0F82903DE550089E719 /* Base */,
				67C12FBD28D8393900C10820 /* Cell */,
				6751269D29027B6500261437 /* Extension */,
				67CE0C3028DAA4A900A4C7C4 /* HttpClient */,
				6785B0F72903DE040089E719 /* Scene */,
			);
			path = Sources;
			sourceTree = "<group>";
		};
		6785B0F72903DE040089E719 /* Scene */ = {
			isa = PBXGroup;
			children = (
				67BA516928DF385200A94B24 /* Model */,
				67CE0C3128DAA52C00A4C7C4 /* Login&SignUp */,
				677F464B292DC4F500349196 /* Main */,
				677F464C292DC64C00349196 /* List */,
				677F464D292DC65F00349196 /* Search */,
				677F464E292DC66D00349196 /* Menu */,
				67C12FBE28D8394500C10820 /* Notice */,
			);
			path = Scene;
			sourceTree = "<group>";
		};
		6785B0F82903DE550089E719 /* Base */ = {
			isa = PBXGroup;
			children = (
				6785B0F92903E3510089E719 /* BaseVC.swift */,
				6751269B29027B5700261437 /* BaseVM.swift */,
				677F4651292DCE9C00349196 /* BaseNC.swift */,
				670487C028D209AE0052D49E /* TabBarVC.swift */,
			);
			path = Base;
			sourceTree = "<group>";
		};
		67BA516928DF385200A94B24 /* Model */ = {
			isa = PBXGroup;
			children = (
				67BA516A28DF387300A94B24 /* TokenModel.swift */,
			);
			path = Model;
			sourceTree = "<group>";
		};
		67C12FBD28D8393900C10820 /* Cell */ = {
			isa = PBXGroup;
			children = (
				67C12FB928D838A600C10820 /* ClubCollectionViewCell.swift */,
				67C12FBB28D8392E00C10820 /* StudentCollectionViewCell.swift */,
			);
			path = Cell;
			sourceTree = "<group>";
		};
		67C12FBE28D8394500C10820 /* Notice */ = {
			isa = PBXGroup;
			children = (
				677F464F292DC6AA00349196 /* NoticeVC.swift */,
			);
			path = Notice;
			sourceTree = "<group>";
		};
		67CE0C2F28DAA4A000A4C7C4 /* Header */ = {
			isa = PBXGroup;
			children = (
				67CE0C2D28DAA49B00A4C7C4 /* Header.swift */,
			);
			path = Header;
			sourceTree = "<group>";
		};
		67CE0C3028DAA4A900A4C7C4 /* HttpClient */ = {
			isa = PBXGroup;
			children = (
				67297CBC292A29E400A41985 /* MoyaPlugIn */,
				67CE0C2B28DAA47E00A4C7C4 /* Client.swift */,
				6785B0EE2903D0BE0089E719 /* Service.swift */,
				6785B0F02903D4B40089E719 /* ServiceType.swift */,
				67CE0C2F28DAA4A000A4C7C4 /* Header */,
			);
			path = HttpClient;
			sourceTree = "<group>";
		};
		67CE0C3128DAA52C00A4C7C4 /* Login&SignUp */ = {
			isa = PBXGroup;
			children = (
				677F4646292DC39C00349196 /* Login */,
				677F4647292DC3A900349196 /* Email */,
				677F4648292DC3BE00349196 /* EmailCode */,
				677F4649292DC3C900349196 /* Password */,
				677F464A292DC3D400349196 /* Etc */,
			);
			path = "Login&SignUp";
			sourceTree = "<group>";
		};
/* End PBXGroup section */

/* Begin PBXNativeTarget section */
		670487B828D209AE0052D49E /* DAS */ = {
			isa = PBXNativeTarget;
			buildConfigurationList = 670487CD28D209AF0052D49E /* Build configuration list for PBXNativeTarget "DAS" */;
			buildPhases = (
				670487B528D209AE0052D49E /* Sources */,
				670487B628D209AE0052D49E /* Frameworks */,
				670487B728D209AE0052D49E /* Resources */,
			);
			buildRules = (
			);
			dependencies = (
			);
			name = DAS;
			packageProductDependencies = (
				67420FCC28D213A500C393B6 /* SnapKit */,
				67420FCF28D213D200C393B6 /* Then */,
				67420FD228D2146A00C393B6 /* Moya */,
				679A76FB28DD7AF200132D68 /* RxCocoa */,
				679A76FD28DD7AF200132D68 /* RxSwift */,
				6785B0F22903DB310089E719 /* RxMoya */,
			);
			productName = DAS;
			productReference = 670487B928D209AE0052D49E /* DAS.app */;
			productType = "com.apple.product-type.application";
		};
/* End PBXNativeTarget section */

/* Begin PBXProject section */
		670487B128D209AE0052D49E /* Project object */ = {
			isa = PBXProject;
			attributes = {
				BuildIndependentTargetsInParallel = 1;
				LastSwiftUpdateCheck = 1400;
				LastUpgradeCheck = 1400;
				TargetAttributes = {
					670487B828D209AE0052D49E = {
						CreatedOnToolsVersion = 14.0;
					};
				};
			};
			buildConfigurationList = 670487B428D209AE0052D49E /* Build configuration list for PBXProject "DAS" */;
			compatibilityVersion = "Xcode 14.0";
			developmentRegion = en;
			hasScannedForEncodings = 0;
			knownRegions = (
				en,
				Base,
			);
			mainGroup = 670487B028D209AE0052D49E;
			packageReferences = (
				67420FCA28D20E1000C393B6 /* XCRemoteSwiftPackageReference "Moya" */,
				67420FCB28D213A500C393B6 /* XCRemoteSwiftPackageReference "SnapKit" */,
				67420FCE28D213D200C393B6 /* XCRemoteSwiftPackageReference "Then" */,
				679A76FA28DD7AF200132D68 /* XCRemoteSwiftPackageReference "RxSwift" */,
			);
			productRefGroup = 670487BA28D209AE0052D49E /* Products */;
			projectDirPath = "";
			projectRoot = "";
			targets = (
				670487B828D209AE0052D49E /* DAS */,
			);
		};
/* End PBXProject section */

/* Begin PBXResourcesBuildPhase section */
		670487B728D209AE0052D49E /* Resources */ = {
			isa = PBXResourcesBuildPhase;
			buildActionMask = 2147483647;
			files = (
				670487C928D209AF0052D49E /* LaunchScreen.storyboard in Resources */,
				670487C628D209AF0052D49E /* Assets.xcassets in Resources */,
			);
			runOnlyForDeploymentPostprocessing = 0;
		};
/* End PBXResourcesBuildPhase section */

/* Begin PBXSourcesBuildPhase section */
		670487B528D209AE0052D49E /* Sources */ = {
			isa = PBXSourcesBuildPhase;
			buildActionMask = 2147483647;
			files = (
				67CE0C3328DAA56500A4C7C4 /* LoginVC.swift in Sources */,
				674EAC9D28D480DA004D8465 /* SearchVC.swift in Sources */,
				670487C128D209AE0052D49E /* TabBarVC.swift in Sources */,
				670487BD28D209AE0052D49E /* AppDelegate.swift in Sources */,
				67A2179F292C5850004EB82E /* EmailViewModel.swift in Sources */,
				67BA516B28DF387300A94B24 /* TokenModel.swift in Sources */,
				67297CBE292A2A0C00A41985 /* MoyaLoggingPlugin.swift in Sources */,
				674EAC9F28D480F6004D8465 /* MenuVC.swift in Sources */,
				6751269C29027B5700261437 /* BaseVM.swift in Sources */,
				67C12FBA28D838A600C10820 /* ClubCollectionViewCell.swift in Sources */,
				67C5EFDE292915050047CF18 /* EtcVC.swift in Sources */,
				67CE0C2E28DAA49B00A4C7C4 /* Header.swift in Sources */,
				670487BF28D209AE0052D49E /* SceneDelegate.swift in Sources */,
				6785B0EF2903D0BE0089E719 /* Service.swift in Sources */,
				675126A029027D7400261437 /* LoginViewModel.swift in Sources */,
				674EAC9B28D480B5004D8465 /* ListVC.swift in Sources */,
				67C12FBC28D8392E00C10820 /* StudentCollectionViewCell.swift in Sources */,
				67CE0C2C28DAA47E00A4C7C4 /* Client.swift in Sources */,
				6785B0F12903D4B40089E719 /* ServiceType.swift in Sources */,
				67CE0C3528DAA57900A4C7C4 /* EmailVC.swift in Sources */,
				677F4650292DC6AA00349196 /* NoticeVC.swift in Sources */,
				677F4652292DCE9C00349196 /* BaseNC.swift in Sources */,
				67C5EFDC292914E50047CF18 /* PasswordVC.swift in Sources */,
				674EAC9928D4804C004D8465 /* MainVC.swift in Sources */,
				67A217A1292C5A0C004EB82E /* EmailCodeViewModel.swift in Sources */,
				675126A22902847300261437 /* UIButton+setBackgroundColor.swift in Sources */,
				6785B0FA2903E3510089E719 /* BaseVC.swift in Sources */,
				670632E72903FAFB00A4C6CA /* EtcViewModel.swift in Sources */,
				67C5EFDA292914D00047CF18 /* EmailCodeVC.swift in Sources */,
				67CE0C3728DAADB600A4C7C4 /* UITextFiled+padding.swift in Sources */,
			);
			runOnlyForDeploymentPostprocessing = 0;
		};
/* End PBXSourcesBuildPhase section */

/* Begin PBXVariantGroup section */
		670487C728D209AF0052D49E /* LaunchScreen.storyboard */ = {
			isa = PBXVariantGroup;
			children = (
				670487C828D209AF0052D49E /* Base */,
			);
			name = LaunchScreen.storyboard;
			sourceTree = "<group>";
		};
/* End PBXVariantGroup section */

/* Begin XCBuildConfiguration section */
		670487CB28D209AF0052D49E /* Debug */ = {
			isa = XCBuildConfiguration;
			buildSettings = {
				ALWAYS_SEARCH_USER_PATHS = NO;
				CLANG_ANALYZER_NONNULL = YES;
				CLANG_ANALYZER_NUMBER_OBJECT_CONVERSION = YES_AGGRESSIVE;
				CLANG_CXX_LANGUAGE_STANDARD = "gnu++20";
				CLANG_ENABLE_MODULES = YES;
				CLANG_ENABLE_OBJC_ARC = YES;
				CLANG_ENABLE_OBJC_WEAK = YES;
				CLANG_WARN_BLOCK_CAPTURE_AUTORELEASING = YES;
				CLANG_WARN_BOOL_CONVERSION = YES;
				CLANG_WARN_COMMA = YES;
				CLANG_WARN_CONSTANT_CONVERSION = YES;
				CLANG_WARN_DEPRECATED_OBJC_IMPLEMENTATIONS = YES;
				CLANG_WARN_DIRECT_OBJC_ISA_USAGE = YES_ERROR;
				CLANG_WARN_DOCUMENTATION_COMMENTS = YES;
				CLANG_WARN_EMPTY_BODY = YES;
				CLANG_WARN_ENUM_CONVERSION = YES;
				CLANG_WARN_INFINITE_RECURSION = YES;
				CLANG_WARN_INT_CONVERSION = YES;
				CLANG_WARN_NON_LITERAL_NULL_CONVERSION = YES;
				CLANG_WARN_OBJC_IMPLICIT_RETAIN_SELF = YES;
				CLANG_WARN_OBJC_LITERAL_CONVERSION = YES;
				CLANG_WARN_OBJC_ROOT_CLASS = YES_ERROR;
				CLANG_WARN_QUOTED_INCLUDE_IN_FRAMEWORK_HEADER = YES;
				CLANG_WARN_RANGE_LOOP_ANALYSIS = YES;
				CLANG_WARN_STRICT_PROTOTYPES = YES;
				CLANG_WARN_SUSPICIOUS_MOVE = YES;
				CLANG_WARN_UNGUARDED_AVAILABILITY = YES_AGGRESSIVE;
				CLANG_WARN_UNREACHABLE_CODE = YES;
				CLANG_WARN__DUPLICATE_METHOD_MATCH = YES;
				COPY_PHASE_STRIP = NO;
				DEBUG_INFORMATION_FORMAT = dwarf;
				ENABLE_STRICT_OBJC_MSGSEND = YES;
				ENABLE_TESTABILITY = YES;
				GCC_C_LANGUAGE_STANDARD = gnu11;
				GCC_DYNAMIC_NO_PIC = NO;
				GCC_NO_COMMON_BLOCKS = YES;
				GCC_OPTIMIZATION_LEVEL = 0;
				GCC_PREPROCESSOR_DEFINITIONS = (
					"DEBUG=1",
					"$(inherited)",
				);
				GCC_WARN_64_TO_32_BIT_CONVERSION = YES;
				GCC_WARN_ABOUT_RETURN_TYPE = YES_ERROR;
				GCC_WARN_UNDECLARED_SELECTOR = YES;
				GCC_WARN_UNINITIALIZED_AUTOS = YES_AGGRESSIVE;
				GCC_WARN_UNUSED_FUNCTION = YES;
				GCC_WARN_UNUSED_VARIABLE = YES;
				IPHONEOS_DEPLOYMENT_TARGET = 16.0;
				MTL_ENABLE_DEBUG_INFO = INCLUDE_SOURCE;
				MTL_FAST_MATH = YES;
				ONLY_ACTIVE_ARCH = YES;
				SDKROOT = iphoneos;
				SWIFT_ACTIVE_COMPILATION_CONDITIONS = DEBUG;
				SWIFT_OPTIMIZATION_LEVEL = "-Onone";
			};
			name = Debug;
		};
		670487CC28D209AF0052D49E /* Release */ = {
			isa = XCBuildConfiguration;
			buildSettings = {
				ALWAYS_SEARCH_USER_PATHS = NO;
				CLANG_ANALYZER_NONNULL = YES;
				CLANG_ANALYZER_NUMBER_OBJECT_CONVERSION = YES_AGGRESSIVE;
				CLANG_CXX_LANGUAGE_STANDARD = "gnu++20";
				CLANG_ENABLE_MODULES = YES;
				CLANG_ENABLE_OBJC_ARC = YES;
				CLANG_ENABLE_OBJC_WEAK = YES;
				CLANG_WARN_BLOCK_CAPTURE_AUTORELEASING = YES;
				CLANG_WARN_BOOL_CONVERSION = YES;
				CLANG_WARN_COMMA = YES;
				CLANG_WARN_CONSTANT_CONVERSION = YES;
				CLANG_WARN_DEPRECATED_OBJC_IMPLEMENTATIONS = YES;
				CLANG_WARN_DIRECT_OBJC_ISA_USAGE = YES_ERROR;
				CLANG_WARN_DOCUMENTATION_COMMENTS = YES;
				CLANG_WARN_EMPTY_BODY = YES;
				CLANG_WARN_ENUM_CONVERSION = YES;
				CLANG_WARN_INFINITE_RECURSION = YES;
				CLANG_WARN_INT_CONVERSION = YES;
				CLANG_WARN_NON_LITERAL_NULL_CONVERSION = YES;
				CLANG_WARN_OBJC_IMPLICIT_RETAIN_SELF = YES;
				CLANG_WARN_OBJC_LITERAL_CONVERSION = YES;
				CLANG_WARN_OBJC_ROOT_CLASS = YES_ERROR;
				CLANG_WARN_QUOTED_INCLUDE_IN_FRAMEWORK_HEADER = YES;
				CLANG_WARN_RANGE_LOOP_ANALYSIS = YES;
				CLANG_WARN_STRICT_PROTOTYPES = YES;
				CLANG_WARN_SUSPICIOUS_MOVE = YES;
				CLANG_WARN_UNGUARDED_AVAILABILITY = YES_AGGRESSIVE;
				CLANG_WARN_UNREACHABLE_CODE = YES;
				CLANG_WARN__DUPLICATE_METHOD_MATCH = YES;
				COPY_PHASE_STRIP = NO;
				DEBUG_INFORMATION_FORMAT = "dwarf-with-dsym";
				ENABLE_NS_ASSERTIONS = NO;
				ENABLE_STRICT_OBJC_MSGSEND = YES;
				GCC_C_LANGUAGE_STANDARD = gnu11;
				GCC_NO_COMMON_BLOCKS = YES;
				GCC_WARN_64_TO_32_BIT_CONVERSION = YES;
				GCC_WARN_ABOUT_RETURN_TYPE = YES_ERROR;
				GCC_WARN_UNDECLARED_SELECTOR = YES;
				GCC_WARN_UNINITIALIZED_AUTOS = YES_AGGRESSIVE;
				GCC_WARN_UNUSED_FUNCTION = YES;
				GCC_WARN_UNUSED_VARIABLE = YES;
				IPHONEOS_DEPLOYMENT_TARGET = 16.0;
				MTL_ENABLE_DEBUG_INFO = NO;
				MTL_FAST_MATH = YES;
				SDKROOT = iphoneos;
				SWIFT_COMPILATION_MODE = wholemodule;
				SWIFT_OPTIMIZATION_LEVEL = "-O";
				VALIDATE_PRODUCT = YES;
			};
			name = Release;
		};
		670487CE28D209AF0052D49E /* Debug */ = {
			isa = XCBuildConfiguration;
			buildSettings = {
				ASSETCATALOG_COMPILER_APPICON_NAME = AppIcon;
				ASSETCATALOG_COMPILER_GLOBAL_ACCENT_COLOR_NAME = AccentColor;
				CODE_SIGN_STYLE = Automatic;
				CURRENT_PROJECT_VERSION = 1;
				DEVELOPMENT_TEAM = "";
				GENERATE_INFOPLIST_FILE = YES;
				INFOPLIST_FILE = DAS/Support/info.plist;
				INFOPLIST_KEY_CFBundleDisplayName = DAS;
				INFOPLIST_KEY_UIApplicationSupportsIndirectInputEvents = YES;
				INFOPLIST_KEY_UILaunchStoryboardName = LaunchScreen.storyboard;
				INFOPLIST_KEY_UIMainStoryboardFile = "";
				INFOPLIST_KEY_UIStatusBarStyle = "";
				INFOPLIST_KEY_UISupportedInterfaceOrientations_iPad = "UIInterfaceOrientationPortrait UIInterfaceOrientationPortraitUpsideDown UIInterfaceOrientationLandscapeLeft UIInterfaceOrientationLandscapeRight";
				INFOPLIST_KEY_UISupportedInterfaceOrientations_iPhone = "UIInterfaceOrientationPortrait UIInterfaceOrientationLandscapeLeft UIInterfaceOrientationLandscapeRight";
				IPHONEOS_DEPLOYMENT_TARGET = 16.0;
				LD_RUNPATH_SEARCH_PATHS = (
					"$(inherited)",
					"@executable_path/Frameworks",
				);
				MARKETING_VERSION = 1.0;
				PRODUCT_BUNDLE_IDENTIFIER = "Dsm-DAS.DAS";
				PRODUCT_NAME = "$(TARGET_NAME)";
				SUPPORTED_PLATFORMS = "iphoneos iphonesimulator";
				SUPPORTS_MACCATALYST = NO;
				SUPPORTS_MAC_DESIGNED_FOR_IPHONE_IPAD = NO;
				SWIFT_EMIT_LOC_STRINGS = YES;
				SWIFT_VERSION = 5.0;
				TARGETED_DEVICE_FAMILY = "1,2";
			};
			name = Debug;
		};
		670487CF28D209AF0052D49E /* Release */ = {
			isa = XCBuildConfiguration;
			buildSettings = {
				ASSETCATALOG_COMPILER_APPICON_NAME = AppIcon;
				ASSETCATALOG_COMPILER_GLOBAL_ACCENT_COLOR_NAME = AccentColor;
				CODE_SIGN_STYLE = Automatic;
				CURRENT_PROJECT_VERSION = 1;
				DEVELOPMENT_TEAM = "";
				GENERATE_INFOPLIST_FILE = YES;
				INFOPLIST_FILE = DAS/Support/info.plist;
				INFOPLIST_KEY_CFBundleDisplayName = DAS;
				INFOPLIST_KEY_UIApplicationSupportsIndirectInputEvents = YES;
				INFOPLIST_KEY_UILaunchStoryboardName = LaunchScreen.storyboard;
				INFOPLIST_KEY_UIMainStoryboardFile = "";
				INFOPLIST_KEY_UIStatusBarStyle = "";
				INFOPLIST_KEY_UISupportedInterfaceOrientations_iPad = "UIInterfaceOrientationPortrait UIInterfaceOrientationPortraitUpsideDown UIInterfaceOrientationLandscapeLeft UIInterfaceOrientationLandscapeRight";
				INFOPLIST_KEY_UISupportedInterfaceOrientations_iPhone = "UIInterfaceOrientationPortrait UIInterfaceOrientationLandscapeLeft UIInterfaceOrientationLandscapeRight";
				IPHONEOS_DEPLOYMENT_TARGET = 16.0;
				LD_RUNPATH_SEARCH_PATHS = (
					"$(inherited)",
					"@executable_path/Frameworks",
				);
				MARKETING_VERSION = 1.0;
				PRODUCT_BUNDLE_IDENTIFIER = "Dsm-DAS.DAS";
				PRODUCT_NAME = "$(TARGET_NAME)";
				SUPPORTED_PLATFORMS = "iphoneos iphonesimulator";
				SUPPORTS_MACCATALYST = NO;
				SUPPORTS_MAC_DESIGNED_FOR_IPHONE_IPAD = NO;
				SWIFT_EMIT_LOC_STRINGS = YES;
				SWIFT_VERSION = 5.0;
				TARGETED_DEVICE_FAMILY = "1,2";
			};
			name = Release;
		};
/* End XCBuildConfiguration section */

/* Begin XCConfigurationList section */
		670487B428D209AE0052D49E /* Build configuration list for PBXProject "DAS" */ = {
			isa = XCConfigurationList;
			buildConfigurations = (
				670487CB28D209AF0052D49E /* Debug */,
				670487CC28D209AF0052D49E /* Release */,
			);
			defaultConfigurationIsVisible = 0;
			defaultConfigurationName = Release;
		};
		670487CD28D209AF0052D49E /* Build configuration list for PBXNativeTarget "DAS" */ = {
			isa = XCConfigurationList;
			buildConfigurations = (
				670487CE28D209AF0052D49E /* Debug */,
				670487CF28D209AF0052D49E /* Release */,
			);
			defaultConfigurationIsVisible = 0;
			defaultConfigurationName = Release;
		};
/* End XCConfigurationList section */

/* Begin XCRemoteSwiftPackageReference section */
		67420FCA28D20E1000C393B6 /* XCRemoteSwiftPackageReference "Moya" */ = {
			isa = XCRemoteSwiftPackageReference;
			repositoryURL = "https://github.com/Moya/Moya";
			requirement = {
				kind = upToNextMajorVersion;
				minimumVersion = 15.0.0;
			};
		};
		67420FCB28D213A500C393B6 /* XCRemoteSwiftPackageReference "SnapKit" */ = {
			isa = XCRemoteSwiftPackageReference;
			repositoryURL = "https://github.com/SnapKit/SnapKit";
			requirement = {
				kind = upToNextMajorVersion;
				minimumVersion = 5.0.0;
			};
		};
		67420FCE28D213D200C393B6 /* XCRemoteSwiftPackageReference "Then" */ = {
			isa = XCRemoteSwiftPackageReference;
			repositoryURL = "https://github.com/devxoul/Then";
			requirement = {
				kind = upToNextMajorVersion;
				minimumVersion = 3.0.0;
			};
		};
		679A76FA28DD7AF200132D68 /* XCRemoteSwiftPackageReference "RxSwift" */ = {
			isa = XCRemoteSwiftPackageReference;
			repositoryURL = "https://github.com/ReactiveX/RxSwift";
			requirement = {
				kind = upToNextMajorVersion;
				minimumVersion = 6.0.0;
			};
		};
/* End XCRemoteSwiftPackageReference section */

/* Begin XCSwiftPackageProductDependency section */
		67420FCC28D213A500C393B6 /* SnapKit */ = {
			isa = XCSwiftPackageProductDependency;
			package = 67420FCB28D213A500C393B6 /* XCRemoteSwiftPackageReference "SnapKit" */;
			productName = SnapKit;
		};
		67420FCF28D213D200C393B6 /* Then */ = {
			isa = XCSwiftPackageProductDependency;
			package = 67420FCE28D213D200C393B6 /* XCRemoteSwiftPackageReference "Then" */;
			productName = Then;
		};
		67420FD228D2146A00C393B6 /* Moya */ = {
			isa = XCSwiftPackageProductDependency;
			package = 67420FCA28D20E1000C393B6 /* XCRemoteSwiftPackageReference "Moya" */;
			productName = Moya;
		};
		6785B0F22903DB310089E719 /* RxMoya */ = {
			isa = XCSwiftPackageProductDependency;
			package = 67420FCA28D20E1000C393B6 /* XCRemoteSwiftPackageReference "Moya" */;
			productName = RxMoya;
		};
		679A76FB28DD7AF200132D68 /* RxCocoa */ = {
			isa = XCSwiftPackageProductDependency;
			package = 679A76FA28DD7AF200132D68 /* XCRemoteSwiftPackageReference "RxSwift" */;
			productName = RxCocoa;
		};
		679A76FD28DD7AF200132D68 /* RxSwift */ = {
			isa = XCSwiftPackageProductDependency;
			package = 679A76FA28DD7AF200132D68 /* XCRemoteSwiftPackageReference "RxSwift" */;
			productName = RxSwift;
		};
/* End XCSwiftPackageProductDependency section */
	};
	rootObject = 670487B128D209AE0052D49E /* Project object */;
}
